__metadata:
  version: 8
  cacheKey: 10c0

"lodash@npm:^4.17.21":
  version: 4.17.21
  resolution: "lodash@npm:4.17.21"
  checksum: 10c0/d8cbea072bb08655bb4c989da418994b073a90b909e55c85fd4e03745d5839e8a4d8a27d58d0fa2a1f4e4cf2888e7e46e93801858e3ce7488af4de1a5c4a37b6d
  languageName: node
  linkType: hard

"react@npm:^18.2.0":
  version: 18.2.0
  resolution: "react@npm:18.2.0"
  checksum: 10c0/fake-react-checksum
  languageName: node
  linkType: hard

"typescript@npm:^5.3.0":
  version: 5.3.3
  resolution: "typescript@npm:5.3.3"
  checksum: 10c0-fake-ts-checksum
  languageName: node
  linkType: hard

"@scope/pkg@npm:^2.0.0":
  version: 2.0.0
  resolution: "@scope/pkg@npm:2.0.0"
  checksum: 10c0-fake-scope-checksum
  languageName: node
  linkType: hard
